
Microsoft Visual Studio Solution File, Format Version 12.00
# Visual Studio Version 16
VisualStudioVersion = 16.0.29411.108
MinimumVisualStudioVersion = 10.0.40219.1
Project("{FAE04EC0-301F-11D3-BF4B-00C04F79EFBC}") = "Core3Web", "Core3Web\Core3Web.csproj", "{4C5A0A72-F52F-4570-A58A-BC7D9E1A3983}"
EndProject
Project("{FAE04EC0-301F-11D3-BF4B-00C04F79EFBC}") = "FrameworkWeb", "FrameworkWeb\FrameworkWeb.csproj", "{B106456D-10D7-49B5-9C6F-4FEC87E701FB}"
EndProject
Global
	GlobalSection(SolutionConfigurationPlatforms) = preSolution
		Debug|Any CPU = Debug|Any CPU
		Release|Any CPU = Release|Any CPU
	EndGlobalSection
	GlobalSection(ProjectConfigurationPlatforms) = postSolution
		{4C5A0A72-F52F-4570-A58A-BC7D9E1A3983}.Debug|Any CPU.ActiveCfg = Debug|Any CPU
		{4C5A0A72-F52F-4570-A58A-BC7D9E1A3983}.Debug|Any CPU.Build.0 = Debug|Any CPU
		{4C5A0A72-F52F-4570-A58A-BC7D9E1A3983}.Release|Any CPU.ActiveCfg = Release|Any CPU
		{4C5A0A72-F52F-4570-A58A-BC7D9E1A3983}.Release|Any CPU.Build.0 = Release|Any CPU
		{B106456D-10D7-49B5-9C6F-4FEC87E701FB}.Debug|Any CPU.ActiveCfg = Debug|Any CPU
		{B106456D-10D7-49B5-9C6F-4FEC87E701FB}.Debug|Any CPU.Build.0 = Debug|Any CPU
		{B106456D-10D7-49B5-9C6F-4FEC87E701FB}.Release|Any CPU.ActiveCfg = Release|Any CPU
		{B106456D-10D7-49B5-9C6F-4FEC87E701FB}.Release|Any CPU.Build.0 = Release|Any CPU
	EndGlobalSection
	GlobalSection(SolutionProperties) = preSolution
		HideSolutionNode = FALSE
	EndGlobalSection
	GlobalSection(ExtensibilityGlobals) = postSolution
		SolutionGuid = {D3D4D6D2-13DF-4C83-B15F-36A2D4F12122}
	EndGlobalSection
EndGlobal
